Microsoft Visual Studio Solution File, Format Version 12.00

# ----------------------------
# Solution Folders (가상 폴더)
# ----------------------------
Project("{2150E333-8FDC-42A3-9474-1A3956D46DE8}") = "Session_1_MultiThreadProgramming", "Session_1_MultiThreadProgramming", "{08E55C6B-93F1-423C-BCC1-8025F467E1D2}"
EndProject
Project("{2150E333-8FDC-42A3-9474-1A3956D46DE8}") = "Session_2_NetworkProgramming", "Session_2_NetworkProgramming", "{C2E63EFB-7585-402B-A150-08F8321941C1}"
EndProject
Project("{2150E333-8FDC-42A3-9474-1A3956D46DE8}") = "Class19_Session_2", "Class19_Session_2", "{41747871-398D-4A72-AA6D-D4B6D6715AE9}"
EndProject
Project("{2150E333-8FDC-42A3-9474-1A3956D46DE8}") = "Class20_Connector", "Class20_Connector", "{23F644FD-201E-4946-ABE9-5D2ECFBB3AD7}"
EndProject

# ----------------------------
# Session_1_MultiThreadProgramming projects
# (이미지 기준: 각 폴더 바로 아래에 csproj가 있다고 가정)
# ----------------------------
Project("{FAE04EC0-301F-11D3-BF4B-00C04F79EFBC}") = "Class1_MultiThread", "Session_1_MultiThreadProgramming\Class1_MultiThread\Class1_MultiThread.csproj", "{19FFE1CD-F8B8-4016-86DF-78FFDB139AD7}"
EndProject
Project("{FAE04EC0-301F-11D3-BF4B-00C04F79EFBC}") = "Class2_CreateThread", "Session_1_MultiThreadProgramming\Class2_CreateThread\Class2_CreateThread.csproj", "{37D62401-960F-4DCD-B4A6-31D34D0D2DA2}"
EndProject


# ----------------------------
# Session_2_NetworkProgramming projects
# ----------------------------

# Class19_Session_2 아래는 Client/Server로 분리된 구조


# Class20_Connector 아래는 3개 프로젝트(폴더) 구조
Project("{FAE04EC0-301F-11D3-BF4B-00C04F79EFBC}") = "Class9_LockImplementationTheory", "Session_1_MultiThreadProgramming\Class9_LockImplementationTheory\Class9_LockImplementationTheory.csproj", "{3EF80A9A-9BF7-4C25-9990-30397444A576}"
EndProject
Project("{FAE04EC0-301F-11D3-BF4B-00C04F79EFBC}") = "Class19_Session_2_Client", "Session_2_NetworkProgramming\Class19_Session_2\Class19_Session_2_Client\Class19_Session_2_Client.csproj", "{FCA6075F-88A1-437E-9718-D87952BB244C}"
EndProject
Project("{FAE04EC0-301F-11D3-BF4B-00C04F79EFBC}") = "Class19_Session_2_Server", "Session_2_NetworkProgramming\Class19_Session_2\Class19_Session_2_Server\Class19_Session_2_Server.csproj", "{E95B7E82-A7B1-4FB5-89B4-BF1804349D15}"
EndProject
Project("{FAE04EC0-301F-11D3-BF4B-00C04F79EFBC}") = "Class16_SocketPrograming", "Session_2_NetworkProgramming\Class16_SocketPrograming\Class16_SocketPrograming.csproj", "{224972A5-D44E-48BB-A9F9-CDA3FD997129}"
EndProject
Project("{FAE04EC0-301F-11D3-BF4B-00C04F79EFBC}") = "Class3_CompilerOptimization", "Session_1_MultiThreadProgramming\Class3_CompilerOptimization\Class3_CompilerOptimization.csproj", "{17453B58-5CCD-49B7-AA84-55E92C51A283}"
EndProject
Project("{FAE04EC0-301F-11D3-BF4B-00C04F79EFBC}") = "Class4_CacheTheory", "Session_1_MultiThreadProgramming\Class4_CacheTheory\Class4_CacheTheory.csproj", "{25C6314A-3CCD-4453-83C1-AC426928402E}"
EndProject
Project("{FAE04EC0-301F-11D3-BF4B-00C04F79EFBC}") = "Class5_MemoryBarrier", "Session_1_MultiThreadProgramming\Class5_MemoryBarrier\Class5_MemoryBarrier.csproj", "{3F596E5C-C188-401B-8A18-D65999723D2A}"
EndProject
Project("{FAE04EC0-301F-11D3-BF4B-00C04F79EFBC}") = "Class6_Interlocked", "Session_1_MultiThreadProgramming\Class6_Interlocked\Class6_Interlocked.csproj", "{F87D2D83-9B6B-445B-BFFB-50C47AE93187}"
EndProject
Project("{FAE04EC0-301F-11D3-BF4B-00C04F79EFBC}") = "Class8_Deadlock", "Session_1_MultiThreadProgramming\Class8_Deadlock\Class8_Deadlock.csproj", "{C26D8C83-1FF7-4E83-A35D-E626EC67EF4C}"
EndProject
Project("{FAE04EC0-301F-11D3-BF4B-00C04F79EFBC}") = "Class10_SpinLock", "Session_1_MultiThreadProgramming\Class10_SpinLock\Class10_SpinLock.csproj", "{B2EEF613-7E81-4960-B79F-366BC303EA98}"
EndProject
Project("{FAE04EC0-301F-11D3-BF4B-00C04F79EFBC}") = "Class11_ContextSwitching", "Session_1_MultiThreadProgramming\Class11_ContextSwitching\Class11_ContextSwitching.csproj", "{933F6342-6AA5-457A-A81B-EA338BB92CF3}"
EndProject
Project("{FAE04EC0-301F-11D3-BF4B-00C04F79EFBC}") = "Class12_AutoResetEvent", "Session_1_MultiThreadProgramming\Class12_AutoResetEvent\Class12_AutoResetEvent.csproj", "{913B46D2-B892-4420-A127-6968A2AA7D72}"
EndProject
Project("{FAE04EC0-301F-11D3-BF4B-00C04F79EFBC}") = "Class13_ReaderWriterLock", "Session_1_MultiThreadProgramming\Class13_ReaderWriterLock\Class13_ReaderWriterLock.csproj", "{88234AB0-EBD4-4D9E-A3AC-2A6300D189B6}"
EndProject
Project("{FAE04EC0-301F-11D3-BF4B-00C04F79EFBC}") = "Class14_ThreadLocalStorage", "Session_1_MultiThreadProgramming\Class14_ThreadLocalStorage\Class14_ThreadLocalStorage.csproj", "{CFCB9D4A-EC38-4C8D-9505-2715766D0BD5}"
EndProject
Project("{FAE04EC0-301F-11D3-BF4B-00C04F79EFBC}") = "Class7_Lock", "Session_1_MultiThreadProgramming\Class7_Lock\Class7_Lock.csproj", "{80BFC185-32AA-4BDB-90B9-AABD1D58D5D9}"
EndProject
Project("{FAE04EC0-301F-11D3-BF4B-00C04F79EFBC}") = "DummyClient", "Session_2_NetworkProgramming\Class20_Connector\DummyClient\DummyClient.csproj", "{1106E3D0-FEF3-45B5-9754-6AA48C3E34C0}"
EndProject
Project("{FAE04EC0-301F-11D3-BF4B-00C04F79EFBC}") = "Server", "Session_2_NetworkProgramming\Class20_Connector\Server\Server.csproj", "{60178076-4426-4EC5-A1F1-763115CAC21F}"
EndProject
Project("{FAE04EC0-301F-11D3-BF4B-00C04F79EFBC}") = "ServerCore", "Session_2_NetworkProgramming\Class20_Connector\ServerCore\ServerCore.csproj", "{97F7F6A2-EA6C-4896-9CD3-A3EC65D2551A}"
EndProject
Project("{FAE04EC0-301F-11D3-BF4B-00C04F79EFBC}") = "Class15_Network", "Session_2_NetworkProgramming\Class15_Network\Class15_Network.csproj", "{E3FB301C-D0A8-43F4-8159-6F35FEDA7CCA}"
EndProject
Project("{FAE04EC0-301F-11D3-BF4B-00C04F79EFBC}") = "Class17_Listener", "Session_2_NetworkProgramming\Class17_Listener\Class17_Listener.csproj", "{04C536E2-E521-4194-80F0-FC5E8DDBA59B}"
EndProject
Project("{FAE04EC0-301F-11D3-BF4B-00C04F79EFBC}") = "Class18_Session_1", "Session_2_NetworkProgramming\Class18_Session_1\Class18_Session_1.csproj", "{34EE737F-ABA1-44AC-94C9-6DBA749F79DD}"
EndProject
Project("{FAE04EC0-301F-11D3-BF4B-00C04F79EFBC}") = "Class21_TCPvsUDP", "Session_2_NetworkProgramming\Class21_TCPvsUDP\Class21_TCPvsUDP.csproj", "{F1B7E33F-F02F-473F-B0F0-141EAD83E547}"
EndProject
Project("{FAE04EC0-301F-11D3-BF4B-00C04F79EFBC}") = "Class22_RecvBuffer", "Session_2_NetworkProgramming\Class22_RecvBuffer\Class22_RecvBuffer.csproj", "{E648DE4E-5604-4074-95AB-29CBC0629493}"
EndProject
Project("{FAE04EC0-301F-11D3-BF4B-00C04F79EFBC}") = "Class23_SendBuffer", "Session_2_NetworkProgramming\Class23_SendBuffer\Class23_SendBuffer.csproj", "{F8F00CD1-45FB-44F0-9D1C-8B92C798BE8A}"
EndProject
Project("{2150E333-8FDC-42A3-9474-1A3956D46DE8}") = "Class24_PacketSession", "Class24_PacketSession", "{1CC6BF8E-20CF-4E70-AF0B-55525F776EF1}"
EndProject
Project("{FAE04EC0-301F-11D3-BF4B-00C04F79EFBC}") = "ServerCore", "Session_2_NetworkProgramming\Class24_PacketSession\ServerCore\ServerCore.csproj", "{D76A202D-AAE1-4D4C-B568-031931F1258E}"
EndProject
Project("{FAE04EC0-301F-11D3-BF4B-00C04F79EFBC}") = "Server", "Session_2_NetworkProgramming\Class24_PacketSession\Server\Server.csproj", "{0A71EBC5-6BE5-4E77-B56B-62A8E8866B7C}"
EndProject
Project("{FAE04EC0-301F-11D3-BF4B-00C04F79EFBC}") = "DummyClient", "Session_2_NetworkProgramming\Class24_PacketSession\DummyClient\DummyClient.csproj", "{1A2150DB-41E8-459A-BF9B-B7565C9B702F}"
EndProject
Project("{2150E333-8FDC-42A3-9474-1A3956D46DE8}") = "Session_3_Packet_Serialization", "Session_3_Packet_Serialization", "{B0B80343-343B-4390-AFD6-4615CCCC8A00}"
EndProject
Project("{FAE04EC0-301F-11D3-BF4B-00C04F79EFBC}") = "Class25_Serialization_1", "Session_3_Packet_Serialization\Class25_Serialization_1\Class25_Serialization_1.csproj", "{104C623E-0170-4027-9135-D8ED8F021D9E}"
EndProject
Project("{FAE04EC0-301F-11D3-BF4B-00C04F79EFBC}") = "Class26_Serialization_2", "Session_3_Packet_Serialization\Class26_Serialization_2\Class26_Serialization_2.csproj", "{F3F843D3-19FD-48F7-B6D6-78FAF8496379}"
EndProject
Project("{FAE04EC0-301F-11D3-BF4B-00C04F79EFBC}") = "Class27_UTF-8_vs_UTF-16", "Session_3_Packet_Serialization\Class27_UTF-8_vs_UTF-16\Class27_UTF-8_vs_UTF-16.csproj", "{CB01A3D5-4C16-4F3C-95FB-6825F70FEE64}"
EndProject
Project("{FAE04EC0-301F-11D3-BF4B-00C04F79EFBC}") = "Class28_Serialization_3", "Session_3_Packet_Serialization\Class28_Serialization_3\Class28_Serialization_3.csproj", "{63D6929B-4156-4CAF-8383-360A660FD217}"
EndProject
Project("{FAE04EC0-301F-11D3-BF4B-00C04F79EFBC}") = "Class29_Serialization_4", "Session_3_Packet_Serialization\Class29_Serialization_4\Class29_Serialization_4.csproj", "{7A53FDAF-6341-4EC7-88DD-3D2716FF404F}"
EndProject
Project("{2150E333-8FDC-42A3-9474-1A3956D46DE8}") = "Class30_PacketGenerator", "Class30_PacketGenerator", "{6D9E2FB8-133E-4735-A9CA-FD3EB0197E3A}"
EndProject
Project("{FAE04EC0-301F-11D3-BF4B-00C04F79EFBC}") = "PacketGenerator", "Session_3_Packet_Serialization\Class30_PacketGenerator\PacketGenerator\PacketGenerator.csproj", "{17941FDA-1F01-4113-9762-71D5752C1044}"
EndProject
Project("{FAE04EC0-301F-11D3-BF4B-00C04F79EFBC}") = "Common", "Session_3_Packet_Serialization\Class30_PacketGenerator\Common\Common.csproj", "{BD2E4744-7192-4911-8B2D-B090887A3D0F}"
EndProject
Project("{2150E333-8FDC-42A3-9474-1A3956D46DE8}") = "Session_4_Job_Queue", "Session_4_Job_Queue", "{C6EF4B91-4516-46E9-AD0F-C4FFB7EDCBF7}"
EndProject
Project("{FAE04EC0-301F-11D3-BF4B-00C04F79EFBC}") = "Class31_Chatting_Test_1", "Session_4_Job_Queue\Class31_Chatting_Test_1\Class31_Chatting_Test_1.csproj", "{1CBC4340-5685-415D-8B69-9E4480C3404A}"
EndProject
Project("{FAE04EC0-301F-11D3-BF4B-00C04F79EFBC}") = "Class32_Chatting_Test_2", "Session_4_Job_Queue\Class32_Chatting_Test_2\Class32_Chatting_Test_2.csproj", "{CCC48501-9B27-4F5E-A75D-9571F34461B6}"
EndProject
Project("{FAE04EC0-301F-11D3-BF4B-00C04F79EFBC}") = "Class33_Command_Pattern", "Session_4_Job_Queue\Class33_Command_Pattern\Class33_Command_Pattern.csproj", "{2DE5F506-6B40-483E-B504-76653E7B0506}"
EndProject
Project("{FAE04EC0-301F-11D3-BF4B-00C04F79EFBC}") = "Class34_JobQueue_1", "Session_4_Job_Queue\Class34_JobQueue_1\Class34_JobQueue_1.csproj", "{0866D92E-5CB2-4599-A3AF-FE8FFD10A9C0}"
EndProject
Project("{FAE04EC0-301F-11D3-BF4B-00C04F79EFBC}") = "Class35_JobQueue_2", "Session_4_Job_Queue\Class35_JobQueue_2\Class35_JobQueue_2.csproj", "{318D38CD-C8B2-4C88-907E-7C585357909A}"
EndProject
Project("{FAE04EC0-301F-11D3-BF4B-00C04F79EFBC}") = "Class36_Packet_Batching", "Session_4_Job_Queue\Class36_Packet_Batching\Class36_Packet_Batching.csproj", "{9E6E3ACE-6EC9-463E-89CA-336C36EB11D5}"
EndProject
Project("{FAE04EC0-301F-11D3-BF4B-00C04F79EFBC}") = "Class37_JobTimer", "Session_4_Job_Queue\Class37_JobTimer\Class37_JobTimer.csproj", "{A6A84A7B-3371-4A5C-B828-5866975F66B8}"
EndProject
Project("{2150E333-8FDC-42A3-9474-1A3956D46DE8}") = "Session_5_Unity_Integration", "Session_5_Unity_Integration", "{CA57549B-9486-41B0-9302-8A5BC0F8FCC3}"
	ProjectSection(SolutionItems) = preProject
		Session_5_Unity_Integration\UnityIntegration.md = Session_5_Unity_Integration\UnityIntegration.md
	EndProjectSection
EndProject

Global
				GlobalSection(SolutionConfigurationPlatforms) = preSolution
								Debug|Any CPU = Debug|Any CPU
								Release|Any CPU = Release|Any CPU
				EndGlobalSection

				GlobalSection(ProjectConfigurationPlatforms) = postSolution
								{19FFE1CD-F8B8-4016-86DF-78FFDB139AD7}.Debug|Any CPU.ActiveCfg = Debug|Any CPU
								{19FFE1CD-F8B8-4016-86DF-78FFDB139AD7}.Debug|Any CPU.Build.0 = Debug|Any CPU
								{19FFE1CD-F8B8-4016-86DF-78FFDB139AD7}.Release|Any CPU.ActiveCfg = Release|Any CPU
								{19FFE1CD-F8B8-4016-86DF-78FFDB139AD7}.Release|Any CPU.Build.0 = Release|Any CPU

								{37D62401-960F-4DCD-B4A6-31D34D0D2DA2}.Debug|Any CPU.ActiveCfg = Debug|Any CPU
								{37D62401-960F-4DCD-B4A6-31D34D0D2DA2}.Debug|Any CPU.Build.0 = Debug|Any CPU
								{37D62401-960F-4DCD-B4A6-31D34D0D2DA2}.Release|Any CPU.ActiveCfg = Release|Any CPU
								{37D62401-960F-4DCD-B4A6-31D34D0D2DA2}.Release|Any CPU.Build.0 = Release|Any CPU

								# 나머지 프로젝트들도 여기 Debug/Release 매핑이 필요합니다.
								# (가장 쉬운 방법: 일단 Project(...) 추가 후 VS를 한번 열면 자동으로 채워주기도 합니다.)
					{3EF80A9A-9BF7-4C25-9990-30397444A576}.Debug|Any CPU.ActiveCfg = Debug|Any CPU
					{3EF80A9A-9BF7-4C25-9990-30397444A576}.Debug|Any CPU.Build.0 = Debug|Any CPU
					{3EF80A9A-9BF7-4C25-9990-30397444A576}.Release|Any CPU.ActiveCfg = Release|Any CPU
					{3EF80A9A-9BF7-4C25-9990-30397444A576}.Release|Any CPU.Build.0 = Release|Any CPU
					{FCA6075F-88A1-437E-9718-D87952BB244C}.Debug|Any CPU.ActiveCfg = Debug|Any CPU
					{FCA6075F-88A1-437E-9718-D87952BB244C}.Debug|Any CPU.Build.0 = Debug|Any CPU
					{FCA6075F-88A1-437E-9718-D87952BB244C}.Release|Any CPU.ActiveCfg = Release|Any CPU
					{FCA6075F-88A1-437E-9718-D87952BB244C}.Release|Any CPU.Build.0 = Release|Any CPU
					{E95B7E82-A7B1-4FB5-89B4-BF1804349D15}.Debug|Any CPU.ActiveCfg = Debug|Any CPU
					{E95B7E82-A7B1-4FB5-89B4-BF1804349D15}.Debug|Any CPU.Build.0 = Debug|Any CPU
					{E95B7E82-A7B1-4FB5-89B4-BF1804349D15}.Release|Any CPU.ActiveCfg = Release|Any CPU
					{E95B7E82-A7B1-4FB5-89B4-BF1804349D15}.Release|Any CPU.Build.0 = Release|Any CPU
					{224972A5-D44E-48BB-A9F9-CDA3FD997129}.Debug|Any CPU.ActiveCfg = Debug|Any CPU
					{224972A5-D44E-48BB-A9F9-CDA3FD997129}.Debug|Any CPU.Build.0 = Debug|Any CPU
					{224972A5-D44E-48BB-A9F9-CDA3FD997129}.Release|Any CPU.ActiveCfg = Release|Any CPU
					{224972A5-D44E-48BB-A9F9-CDA3FD997129}.Release|Any CPU.Build.0 = Release|Any CPU
					{17453B58-5CCD-49B7-AA84-55E92C51A283}.Debug|Any CPU.ActiveCfg = Debug|Any CPU
					{17453B58-5CCD-49B7-AA84-55E92C51A283}.Debug|Any CPU.Build.0 = Debug|Any CPU
					{17453B58-5CCD-49B7-AA84-55E92C51A283}.Release|Any CPU.ActiveCfg = Release|Any CPU
					{17453B58-5CCD-49B7-AA84-55E92C51A283}.Release|Any CPU.Build.0 = Release|Any CPU
					{25C6314A-3CCD-4453-83C1-AC426928402E}.Debug|Any CPU.ActiveCfg = Debug|Any CPU
					{25C6314A-3CCD-4453-83C1-AC426928402E}.Debug|Any CPU.Build.0 = Debug|Any CPU
					{25C6314A-3CCD-4453-83C1-AC426928402E}.Release|Any CPU.ActiveCfg = Release|Any CPU
					{25C6314A-3CCD-4453-83C1-AC426928402E}.Release|Any CPU.Build.0 = Release|Any CPU
					{3F596E5C-C188-401B-8A18-D65999723D2A}.Debug|Any CPU.ActiveCfg = Debug|Any CPU
					{3F596E5C-C188-401B-8A18-D65999723D2A}.Debug|Any CPU.Build.0 = Debug|Any CPU
					{3F596E5C-C188-401B-8A18-D65999723D2A}.Release|Any CPU.ActiveCfg = Release|Any CPU
					{3F596E5C-C188-401B-8A18-D65999723D2A}.Release|Any CPU.Build.0 = Release|Any CPU
					{F87D2D83-9B6B-445B-BFFB-50C47AE93187}.Debug|Any CPU.ActiveCfg = Debug|Any CPU
					{F87D2D83-9B6B-445B-BFFB-50C47AE93187}.Debug|Any CPU.Build.0 = Debug|Any CPU
					{F87D2D83-9B6B-445B-BFFB-50C47AE93187}.Release|Any CPU.ActiveCfg = Release|Any CPU
					{F87D2D83-9B6B-445B-BFFB-50C47AE93187}.Release|Any CPU.Build.0 = Release|Any CPU
					{C26D8C83-1FF7-4E83-A35D-E626EC67EF4C}.Debug|Any CPU.ActiveCfg = Debug|Any CPU
					{C26D8C83-1FF7-4E83-A35D-E626EC67EF4C}.Debug|Any CPU.Build.0 = Debug|Any CPU
					{C26D8C83-1FF7-4E83-A35D-E626EC67EF4C}.Release|Any CPU.ActiveCfg = Release|Any CPU
					{C26D8C83-1FF7-4E83-A35D-E626EC67EF4C}.Release|Any CPU.Build.0 = Release|Any CPU
					{B2EEF613-7E81-4960-B79F-366BC303EA98}.Debug|Any CPU.ActiveCfg = Debug|Any CPU
					{B2EEF613-7E81-4960-B79F-366BC303EA98}.Debug|Any CPU.Build.0 = Debug|Any CPU
					{B2EEF613-7E81-4960-B79F-366BC303EA98}.Release|Any CPU.ActiveCfg = Release|Any CPU
					{B2EEF613-7E81-4960-B79F-366BC303EA98}.Release|Any CPU.Build.0 = Release|Any CPU
					{933F6342-6AA5-457A-A81B-EA338BB92CF3}.Debug|Any CPU.ActiveCfg = Debug|Any CPU
					{933F6342-6AA5-457A-A81B-EA338BB92CF3}.Debug|Any CPU.Build.0 = Debug|Any CPU
					{933F6342-6AA5-457A-A81B-EA338BB92CF3}.Release|Any CPU.ActiveCfg = Release|Any CPU
					{933F6342-6AA5-457A-A81B-EA338BB92CF3}.Release|Any CPU.Build.0 = Release|Any CPU
					{913B46D2-B892-4420-A127-6968A2AA7D72}.Debug|Any CPU.ActiveCfg = Debug|Any CPU
					{913B46D2-B892-4420-A127-6968A2AA7D72}.Debug|Any CPU.Build.0 = Debug|Any CPU
					{913B46D2-B892-4420-A127-6968A2AA7D72}.Release|Any CPU.ActiveCfg = Release|Any CPU
					{913B46D2-B892-4420-A127-6968A2AA7D72}.Release|Any CPU.Build.0 = Release|Any CPU
					{88234AB0-EBD4-4D9E-A3AC-2A6300D189B6}.Debug|Any CPU.ActiveCfg = Debug|Any CPU
					{88234AB0-EBD4-4D9E-A3AC-2A6300D189B6}.Debug|Any CPU.Build.0 = Debug|Any CPU
					{88234AB0-EBD4-4D9E-A3AC-2A6300D189B6}.Release|Any CPU.ActiveCfg = Release|Any CPU
					{88234AB0-EBD4-4D9E-A3AC-2A6300D189B6}.Release|Any CPU.Build.0 = Release|Any CPU
					{CFCB9D4A-EC38-4C8D-9505-2715766D0BD5}.Debug|Any CPU.ActiveCfg = Debug|Any CPU
					{CFCB9D4A-EC38-4C8D-9505-2715766D0BD5}.Debug|Any CPU.Build.0 = Debug|Any CPU
					{CFCB9D4A-EC38-4C8D-9505-2715766D0BD5}.Release|Any CPU.ActiveCfg = Release|Any CPU
					{CFCB9D4A-EC38-4C8D-9505-2715766D0BD5}.Release|Any CPU.Build.0 = Release|Any CPU
					{80BFC185-32AA-4BDB-90B9-AABD1D58D5D9}.Debug|Any CPU.ActiveCfg = Debug|Any CPU
					{80BFC185-32AA-4BDB-90B9-AABD1D58D5D9}.Debug|Any CPU.Build.0 = Debug|Any CPU
					{80BFC185-32AA-4BDB-90B9-AABD1D58D5D9}.Release|Any CPU.ActiveCfg = Release|Any CPU
					{80BFC185-32AA-4BDB-90B9-AABD1D58D5D9}.Release|Any CPU.Build.0 = Release|Any CPU
					{1106E3D0-FEF3-45B5-9754-6AA48C3E34C0}.Debug|Any CPU.ActiveCfg = Debug|Any CPU
					{1106E3D0-FEF3-45B5-9754-6AA48C3E34C0}.Debug|Any CPU.Build.0 = Debug|Any CPU
					{1106E3D0-FEF3-45B5-9754-6AA48C3E34C0}.Release|Any CPU.ActiveCfg = Release|Any CPU
					{1106E3D0-FEF3-45B5-9754-6AA48C3E34C0}.Release|Any CPU.Build.0 = Release|Any CPU
					{60178076-4426-4EC5-A1F1-763115CAC21F}.Debug|Any CPU.ActiveCfg = Debug|Any CPU
					{60178076-4426-4EC5-A1F1-763115CAC21F}.Debug|Any CPU.Build.0 = Debug|Any CPU
					{60178076-4426-4EC5-A1F1-763115CAC21F}.Release|Any CPU.ActiveCfg = Release|Any CPU
					{60178076-4426-4EC5-A1F1-763115CAC21F}.Release|Any CPU.Build.0 = Release|Any CPU
					{97F7F6A2-EA6C-4896-9CD3-A3EC65D2551A}.Debug|Any CPU.ActiveCfg = Debug|Any CPU
					{97F7F6A2-EA6C-4896-9CD3-A3EC65D2551A}.Debug|Any CPU.Build.0 = Debug|Any CPU
					{97F7F6A2-EA6C-4896-9CD3-A3EC65D2551A}.Release|Any CPU.ActiveCfg = Release|Any CPU
					{97F7F6A2-EA6C-4896-9CD3-A3EC65D2551A}.Release|Any CPU.Build.0 = Release|Any CPU
					{E3FB301C-D0A8-43F4-8159-6F35FEDA7CCA}.Debug|Any CPU.ActiveCfg = Debug|Any CPU
					{E3FB301C-D0A8-43F4-8159-6F35FEDA7CCA}.Debug|Any CPU.Build.0 = Debug|Any CPU
					{E3FB301C-D0A8-43F4-8159-6F35FEDA7CCA}.Release|Any CPU.ActiveCfg = Release|Any CPU
					{E3FB301C-D0A8-43F4-8159-6F35FEDA7CCA}.Release|Any CPU.Build.0 = Release|Any CPU
					{04C536E2-E521-4194-80F0-FC5E8DDBA59B}.Debug|Any CPU.ActiveCfg = Debug|Any CPU
					{04C536E2-E521-4194-80F0-FC5E8DDBA59B}.Debug|Any CPU.Build.0 = Debug|Any CPU
					{04C536E2-E521-4194-80F0-FC5E8DDBA59B}.Release|Any CPU.ActiveCfg = Release|Any CPU
					{04C536E2-E521-4194-80F0-FC5E8DDBA59B}.Release|Any CPU.Build.0 = Release|Any CPU
					{34EE737F-ABA1-44AC-94C9-6DBA749F79DD}.Debug|Any CPU.ActiveCfg = Debug|Any CPU
					{34EE737F-ABA1-44AC-94C9-6DBA749F79DD}.Debug|Any CPU.Build.0 = Debug|Any CPU
					{34EE737F-ABA1-44AC-94C9-6DBA749F79DD}.Release|Any CPU.ActiveCfg = Release|Any CPU
					{34EE737F-ABA1-44AC-94C9-6DBA749F79DD}.Release|Any CPU.Build.0 = Release|Any CPU
					{F1B7E33F-F02F-473F-B0F0-141EAD83E547}.Debug|Any CPU.ActiveCfg = Debug|Any CPU
					{F1B7E33F-F02F-473F-B0F0-141EAD83E547}.Debug|Any CPU.Build.0 = Debug|Any CPU
					{F1B7E33F-F02F-473F-B0F0-141EAD83E547}.Release|Any CPU.ActiveCfg = Release|Any CPU
					{F1B7E33F-F02F-473F-B0F0-141EAD83E547}.Release|Any CPU.Build.0 = Release|Any CPU
					{E648DE4E-5604-4074-95AB-29CBC0629493}.Debug|Any CPU.ActiveCfg = Debug|Any CPU
					{E648DE4E-5604-4074-95AB-29CBC0629493}.Debug|Any CPU.Build.0 = Debug|Any CPU
					{E648DE4E-5604-4074-95AB-29CBC0629493}.Release|Any CPU.ActiveCfg = Release|Any CPU
					{E648DE4E-5604-4074-95AB-29CBC0629493}.Release|Any CPU.Build.0 = Release|Any CPU
					{F8F00CD1-45FB-44F0-9D1C-8B92C798BE8A}.Debug|Any CPU.ActiveCfg = Debug|Any CPU
					{F8F00CD1-45FB-44F0-9D1C-8B92C798BE8A}.Debug|Any CPU.Build.0 = Debug|Any CPU
					{F8F00CD1-45FB-44F0-9D1C-8B92C798BE8A}.Release|Any CPU.ActiveCfg = Release|Any CPU
					{F8F00CD1-45FB-44F0-9D1C-8B92C798BE8A}.Release|Any CPU.Build.0 = Release|Any CPU
					{D76A202D-AAE1-4D4C-B568-031931F1258E}.Debug|Any CPU.ActiveCfg = Debug|Any CPU
					{D76A202D-AAE1-4D4C-B568-031931F1258E}.Debug|Any CPU.Build.0 = Debug|Any CPU
					{D76A202D-AAE1-4D4C-B568-031931F1258E}.Release|Any CPU.ActiveCfg = Release|Any CPU
					{D76A202D-AAE1-4D4C-B568-031931F1258E}.Release|Any CPU.Build.0 = Release|Any CPU
					{0A71EBC5-6BE5-4E77-B56B-62A8E8866B7C}.Debug|Any CPU.ActiveCfg = Debug|Any CPU
					{0A71EBC5-6BE5-4E77-B56B-62A8E8866B7C}.Debug|Any CPU.Build.0 = Debug|Any CPU
					{0A71EBC5-6BE5-4E77-B56B-62A8E8866B7C}.Release|Any CPU.ActiveCfg = Release|Any CPU
					{0A71EBC5-6BE5-4E77-B56B-62A8E8866B7C}.Release|Any CPU.Build.0 = Release|Any CPU
					{1A2150DB-41E8-459A-BF9B-B7565C9B702F}.Debug|Any CPU.ActiveCfg = Debug|Any CPU
					{1A2150DB-41E8-459A-BF9B-B7565C9B702F}.Debug|Any CPU.Build.0 = Debug|Any CPU
					{1A2150DB-41E8-459A-BF9B-B7565C9B702F}.Release|Any CPU.ActiveCfg = Release|Any CPU
					{1A2150DB-41E8-459A-BF9B-B7565C9B702F}.Release|Any CPU.Build.0 = Release|Any CPU
					{104C623E-0170-4027-9135-D8ED8F021D9E}.Debug|Any CPU.ActiveCfg = Debug|Any CPU
					{104C623E-0170-4027-9135-D8ED8F021D9E}.Debug|Any CPU.Build.0 = Debug|Any CPU
					{104C623E-0170-4027-9135-D8ED8F021D9E}.Release|Any CPU.ActiveCfg = Release|Any CPU
					{104C623E-0170-4027-9135-D8ED8F021D9E}.Release|Any CPU.Build.0 = Release|Any CPU
					{F3F843D3-19FD-48F7-B6D6-78FAF8496379}.Debug|Any CPU.ActiveCfg = Debug|Any CPU
					{F3F843D3-19FD-48F7-B6D6-78FAF8496379}.Debug|Any CPU.Build.0 = Debug|Any CPU
					{F3F843D3-19FD-48F7-B6D6-78FAF8496379}.Release|Any CPU.ActiveCfg = Release|Any CPU
					{F3F843D3-19FD-48F7-B6D6-78FAF8496379}.Release|Any CPU.Build.0 = Release|Any CPU
					{CB01A3D5-4C16-4F3C-95FB-6825F70FEE64}.Debug|Any CPU.ActiveCfg = Debug|Any CPU
					{CB01A3D5-4C16-4F3C-95FB-6825F70FEE64}.Debug|Any CPU.Build.0 = Debug|Any CPU
					{CB01A3D5-4C16-4F3C-95FB-6825F70FEE64}.Release|Any CPU.ActiveCfg = Release|Any CPU
					{CB01A3D5-4C16-4F3C-95FB-6825F70FEE64}.Release|Any CPU.Build.0 = Release|Any CPU
					{63D6929B-4156-4CAF-8383-360A660FD217}.Debug|Any CPU.ActiveCfg = Debug|Any CPU
					{63D6929B-4156-4CAF-8383-360A660FD217}.Debug|Any CPU.Build.0 = Debug|Any CPU
					{63D6929B-4156-4CAF-8383-360A660FD217}.Release|Any CPU.ActiveCfg = Release|Any CPU
					{63D6929B-4156-4CAF-8383-360A660FD217}.Release|Any CPU.Build.0 = Release|Any CPU
					{7A53FDAF-6341-4EC7-88DD-3D2716FF404F}.Debug|Any CPU.ActiveCfg = Debug|Any CPU
					{7A53FDAF-6341-4EC7-88DD-3D2716FF404F}.Debug|Any CPU.Build.0 = Debug|Any CPU
					{7A53FDAF-6341-4EC7-88DD-3D2716FF404F}.Release|Any CPU.ActiveCfg = Release|Any CPU
					{7A53FDAF-6341-4EC7-88DD-3D2716FF404F}.Release|Any CPU.Build.0 = Release|Any CPU
					{17941FDA-1F01-4113-9762-71D5752C1044}.Debug|Any CPU.ActiveCfg = Debug|Any CPU
					{17941FDA-1F01-4113-9762-71D5752C1044}.Debug|Any CPU.Build.0 = Debug|Any CPU
					{17941FDA-1F01-4113-9762-71D5752C1044}.Release|Any CPU.ActiveCfg = Release|Any CPU
					{17941FDA-1F01-4113-9762-71D5752C1044}.Release|Any CPU.Build.0 = Release|Any CPU
					{BD2E4744-7192-4911-8B2D-B090887A3D0F}.Debug|Any CPU.ActiveCfg = Debug|Any CPU
					{BD2E4744-7192-4911-8B2D-B090887A3D0F}.Debug|Any CPU.Build.0 = Debug|Any CPU
					{BD2E4744-7192-4911-8B2D-B090887A3D0F}.Release|Any CPU.ActiveCfg = Release|Any CPU
					{BD2E4744-7192-4911-8B2D-B090887A3D0F}.Release|Any CPU.Build.0 = Release|Any CPU
					{1CBC4340-5685-415D-8B69-9E4480C3404A}.Debug|Any CPU.ActiveCfg = Debug|Any CPU
					{1CBC4340-5685-415D-8B69-9E4480C3404A}.Debug|Any CPU.Build.0 = Debug|Any CPU
					{1CBC4340-5685-415D-8B69-9E4480C3404A}.Release|Any CPU.ActiveCfg = Release|Any CPU
					{1CBC4340-5685-415D-8B69-9E4480C3404A}.Release|Any CPU.Build.0 = Release|Any CPU
					{CCC48501-9B27-4F5E-A75D-9571F34461B6}.Debug|Any CPU.ActiveCfg = Debug|Any CPU
					{CCC48501-9B27-4F5E-A75D-9571F34461B6}.Debug|Any CPU.Build.0 = Debug|Any CPU
					{CCC48501-9B27-4F5E-A75D-9571F34461B6}.Release|Any CPU.ActiveCfg = Release|Any CPU
					{CCC48501-9B27-4F5E-A75D-9571F34461B6}.Release|Any CPU.Build.0 = Release|Any CPU
					{2DE5F506-6B40-483E-B504-76653E7B0506}.Debug|Any CPU.ActiveCfg = Debug|Any CPU
					{2DE5F506-6B40-483E-B504-76653E7B0506}.Debug|Any CPU.Build.0 = Debug|Any CPU
					{2DE5F506-6B40-483E-B504-76653E7B0506}.Release|Any CPU.ActiveCfg = Release|Any CPU
					{2DE5F506-6B40-483E-B504-76653E7B0506}.Release|Any CPU.Build.0 = Release|Any CPU
					{0866D92E-5CB2-4599-A3AF-FE8FFD10A9C0}.Debug|Any CPU.ActiveCfg = Debug|Any CPU
					{0866D92E-5CB2-4599-A3AF-FE8FFD10A9C0}.Debug|Any CPU.Build.0 = Debug|Any CPU
					{0866D92E-5CB2-4599-A3AF-FE8FFD10A9C0}.Release|Any CPU.ActiveCfg = Release|Any CPU
					{0866D92E-5CB2-4599-A3AF-FE8FFD10A9C0}.Release|Any CPU.Build.0 = Release|Any CPU
					{318D38CD-C8B2-4C88-907E-7C585357909A}.Debug|Any CPU.ActiveCfg = Debug|Any CPU
					{318D38CD-C8B2-4C88-907E-7C585357909A}.Debug|Any CPU.Build.0 = Debug|Any CPU
					{318D38CD-C8B2-4C88-907E-7C585357909A}.Release|Any CPU.ActiveCfg = Release|Any CPU
					{318D38CD-C8B2-4C88-907E-7C585357909A}.Release|Any CPU.Build.0 = Release|Any CPU
					{9E6E3ACE-6EC9-463E-89CA-336C36EB11D5}.Debug|Any CPU.ActiveCfg = Debug|Any CPU
					{9E6E3ACE-6EC9-463E-89CA-336C36EB11D5}.Debug|Any CPU.Build.0 = Debug|Any CPU
					{9E6E3ACE-6EC9-463E-89CA-336C36EB11D5}.Release|Any CPU.ActiveCfg = Release|Any CPU
					{9E6E3ACE-6EC9-463E-89CA-336C36EB11D5}.Release|Any CPU.Build.0 = Release|Any CPU
					{A6A84A7B-3371-4A5C-B828-5866975F66B8}.Debug|Any CPU.ActiveCfg = Debug|Any CPU
					{A6A84A7B-3371-4A5C-B828-5866975F66B8}.Debug|Any CPU.Build.0 = Debug|Any CPU
					{A6A84A7B-3371-4A5C-B828-5866975F66B8}.Release|Any CPU.ActiveCfg = Release|Any CPU
					{A6A84A7B-3371-4A5C-B828-5866975F66B8}.Release|Any CPU.Build.0 = Release|Any CPU
				EndGlobalSection

				GlobalSection(NestedProjects) = preSolution
								# Solution folder nesting (기존 유지)
								{41747871-398D-4A72-AA6D-D4B6D6715AE9} = {C2E63EFB-7585-402B-A150-08F8321941C1}
								{23F644FD-201E-4946-ABE9-5D2ECFBB3AD7} = {C2E63EFB-7585-402B-A150-08F8321941C1}

								# 기존 프로젝트들을 Session_1 폴더 밑에 두기 (기존 유지)
								{19FFE1CD-F8B8-4016-86DF-78FFDB139AD7} = {08E55C6B-93F1-423C-BCC1-8025F467E1D2}
								{37D62401-960F-4DCD-B4A6-31D34D0D2DA2} = {08E55C6B-93F1-423C-BCC1-8025F467E1D2}

								# 아래는 추가한 프로젝트들을 솔루션 폴더에 넣는 예시입니다.
								# Session_1

								# Session_2 (폴더 밑)

								# Class19는 Session_2 밑에 있는 "솔루션 폴더(Class19_Session_2)" 아래로 nesting

								# Class20도 Session_2 밑의 "솔루션 폴더(Class20_Connector)" 아래로 nesting
					{3EF80A9A-9BF7-4C25-9990-30397444A576} = {08E55C6B-93F1-423C-BCC1-8025F467E1D2}
					{FCA6075F-88A1-437E-9718-D87952BB244C} = {41747871-398D-4A72-AA6D-D4B6D6715AE9}
					{E95B7E82-A7B1-4FB5-89B4-BF1804349D15} = {41747871-398D-4A72-AA6D-D4B6D6715AE9}
					{224972A5-D44E-48BB-A9F9-CDA3FD997129} = {C2E63EFB-7585-402B-A150-08F8321941C1}
					{17453B58-5CCD-49B7-AA84-55E92C51A283} = {08E55C6B-93F1-423C-BCC1-8025F467E1D2}
					{25C6314A-3CCD-4453-83C1-AC426928402E} = {08E55C6B-93F1-423C-BCC1-8025F467E1D2}
					{3F596E5C-C188-401B-8A18-D65999723D2A} = {08E55C6B-93F1-423C-BCC1-8025F467E1D2}
					{F87D2D83-9B6B-445B-BFFB-50C47AE93187} = {08E55C6B-93F1-423C-BCC1-8025F467E1D2}
					{C26D8C83-1FF7-4E83-A35D-E626EC67EF4C} = {08E55C6B-93F1-423C-BCC1-8025F467E1D2}
					{B2EEF613-7E81-4960-B79F-366BC303EA98} = {08E55C6B-93F1-423C-BCC1-8025F467E1D2}
					{933F6342-6AA5-457A-A81B-EA338BB92CF3} = {08E55C6B-93F1-423C-BCC1-8025F467E1D2}
					{913B46D2-B892-4420-A127-6968A2AA7D72} = {08E55C6B-93F1-423C-BCC1-8025F467E1D2}
					{88234AB0-EBD4-4D9E-A3AC-2A6300D189B6} = {08E55C6B-93F1-423C-BCC1-8025F467E1D2}
					{CFCB9D4A-EC38-4C8D-9505-2715766D0BD5} = {08E55C6B-93F1-423C-BCC1-8025F467E1D2}
					{80BFC185-32AA-4BDB-90B9-AABD1D58D5D9} = {08E55C6B-93F1-423C-BCC1-8025F467E1D2}
					{1106E3D0-FEF3-45B5-9754-6AA48C3E34C0} = {23F644FD-201E-4946-ABE9-5D2ECFBB3AD7}
					{60178076-4426-4EC5-A1F1-763115CAC21F} = {23F644FD-201E-4946-ABE9-5D2ECFBB3AD7}
					{97F7F6A2-EA6C-4896-9CD3-A3EC65D2551A} = {23F644FD-201E-4946-ABE9-5D2ECFBB3AD7}
					{E3FB301C-D0A8-43F4-8159-6F35FEDA7CCA} = {C2E63EFB-7585-402B-A150-08F8321941C1}
					{04C536E2-E521-4194-80F0-FC5E8DDBA59B} = {C2E63EFB-7585-402B-A150-08F8321941C1}
					{34EE737F-ABA1-44AC-94C9-6DBA749F79DD} = {C2E63EFB-7585-402B-A150-08F8321941C1}
					{F1B7E33F-F02F-473F-B0F0-141EAD83E547} = {C2E63EFB-7585-402B-A150-08F8321941C1}
					{E648DE4E-5604-4074-95AB-29CBC0629493} = {C2E63EFB-7585-402B-A150-08F8321941C1}
					{F8F00CD1-45FB-44F0-9D1C-8B92C798BE8A} = {C2E63EFB-7585-402B-A150-08F8321941C1}
					{1CC6BF8E-20CF-4E70-AF0B-55525F776EF1} = {C2E63EFB-7585-402B-A150-08F8321941C1}
					{D76A202D-AAE1-4D4C-B568-031931F1258E} = {1CC6BF8E-20CF-4E70-AF0B-55525F776EF1}
					{0A71EBC5-6BE5-4E77-B56B-62A8E8866B7C} = {1CC6BF8E-20CF-4E70-AF0B-55525F776EF1}
					{1A2150DB-41E8-459A-BF9B-B7565C9B702F} = {1CC6BF8E-20CF-4E70-AF0B-55525F776EF1}
					{104C623E-0170-4027-9135-D8ED8F021D9E} = {B0B80343-343B-4390-AFD6-4615CCCC8A00}
					{F3F843D3-19FD-48F7-B6D6-78FAF8496379} = {B0B80343-343B-4390-AFD6-4615CCCC8A00}
					{CB01A3D5-4C16-4F3C-95FB-6825F70FEE64} = {B0B80343-343B-4390-AFD6-4615CCCC8A00}
					{63D6929B-4156-4CAF-8383-360A660FD217} = {B0B80343-343B-4390-AFD6-4615CCCC8A00}
					{7A53FDAF-6341-4EC7-88DD-3D2716FF404F} = {B0B80343-343B-4390-AFD6-4615CCCC8A00}
					{6D9E2FB8-133E-4735-A9CA-FD3EB0197E3A} = {B0B80343-343B-4390-AFD6-4615CCCC8A00}
					{17941FDA-1F01-4113-9762-71D5752C1044} = {6D9E2FB8-133E-4735-A9CA-FD3EB0197E3A}
					{BD2E4744-7192-4911-8B2D-B090887A3D0F} = {6D9E2FB8-133E-4735-A9CA-FD3EB0197E3A}
					{1CBC4340-5685-415D-8B69-9E4480C3404A} = {C6EF4B91-4516-46E9-AD0F-C4FFB7EDCBF7}
					{CCC48501-9B27-4F5E-A75D-9571F34461B6} = {C6EF4B91-4516-46E9-AD0F-C4FFB7EDCBF7}
					{2DE5F506-6B40-483E-B504-76653E7B0506} = {C6EF4B91-4516-46E9-AD0F-C4FFB7EDCBF7}
					{0866D92E-5CB2-4599-A3AF-FE8FFD10A9C0} = {C6EF4B91-4516-46E9-AD0F-C4FFB7EDCBF7}
					{318D38CD-C8B2-4C88-907E-7C585357909A} = {C6EF4B91-4516-46E9-AD0F-C4FFB7EDCBF7}
					{9E6E3ACE-6EC9-463E-89CA-336C36EB11D5} = {C6EF4B91-4516-46E9-AD0F-C4FFB7EDCBF7}
					{A6A84A7B-3371-4A5C-B828-5866975F66B8} = {C6EF4B91-4516-46E9-AD0F-C4FFB7EDCBF7}
				EndGlobalSection
EndGlobal
