
Microsoft Visual Studio Solution File, Format Version 12.00
Project("{FAE04EC0-301F-11D3-BF4B-00C04F79EFBC}") = "Class1_MultiThread", "Class1_MultiThread\Class1_MultiThread.csproj", "{02B00705-703B-4764-A8AD-0E1FE8A2154D}"
EndProject
Project("{FAE04EC0-301F-11D3-BF4B-00C04F79EFBC}") = "Class2_CreateThread", "Class2_CreateThread\Class2_CreateThread.csproj", "{B23C9860-AEDD-483E-BF9F-DAB45A7AEAC4}"
EndProject
Project("{FAE04EC0-301F-11D3-BF4B-00C04F79EFBC}") = "Class3_CompilerOptimization", "Class3_CompilerOptimization\Class3_CompilerOptimization.csproj", "{24B7C32B-FDDB-4F06-886E-3054557C1916}"
EndProject
Project("{FAE04EC0-301F-11D3-BF4B-00C04F79EFBC}") = "Class4_CacheTheory", "Class4_CacheTheory\Class4_CacheTheory.csproj", "{391760EA-CC22-4B5C-AC56-88F5DF24B36D}"
EndProject
Project("{FAE04EC0-301F-11D3-BF4B-00C04F79EFBC}") = "Class5_MemoryBarrier", "Class5_MemoryBarrier\Class5_MemoryBarrier.csproj", "{5C4B549B-432E-47DF-8EB8-5C16FA0651E7}"
EndProject
Project("{FAE04EC0-301F-11D3-BF4B-00C04F79EFBC}") = "Class6_Interlocked", "Class6_Interlocked\Class6_Interlocked.csproj", "{BE157C30-447B-49B3-9072-3AAF92C59B54}"
EndProject
Project("{FAE04EC0-301F-11D3-BF4B-00C04F79EFBC}") = "Class7_Lock", "Class7_Lock\Class7_Lock.csproj", "{EB0158DD-02A4-41D7-8A98-31076F2950F6}"
EndProject
Project("{FAE04EC0-301F-11D3-BF4B-00C04F79EFBC}") = "Class8_Deadlock", "Class8_Deadlock\Class8_Deadlock.csproj", "{C9EC953A-94F7-4C77-86CA-AD52C13E3404}"
EndProject
Project("{FAE04EC0-301F-11D3-BF4B-00C04F79EFBC}") = "Class9_LockImplementation Theory", "Class9_LockImplementation Theory\Class9_LockImplementation Theory.csproj", "{AD513591-97EE-41A7-B407-7F64093B67A6}"
EndProject
Project("{FAE04EC0-301F-11D3-BF4B-00C04F79EFBC}") = "Class10_SpinLock", "Class10_SpinLock\Class10_SpinLock.csproj", "{E8414EBA-5032-4EF1-AE6B-FDE014047C6F}"
EndProject
Project("{FAE04EC0-301F-11D3-BF4B-00C04F79EFBC}") = "Class11_ContextSwitching", "Class11_ContextSwitching\Class11_ContextSwitching.csproj", "{A607DB4E-94EB-425F-B231-C16D1FF953CE}"
EndProject
Project("{FAE04EC0-301F-11D3-BF4B-00C04F79EFBC}") = "Class12_AutoResetEvent", "Class12_AutoResetEvent\Class12_AutoResetEvent.csproj", "{DF83D987-ACFC-4F24-AAAF-568A65F4D53B}"
EndProject
Project("{FAE04EC0-301F-11D3-BF4B-00C04F79EFBC}") = "Class13_ReaderWriterLock", "Class13_ReaderWriterLock\Class13_ReaderWriterLock.csproj", "{F56B9CE9-2458-458B-8A62-4EBECA0A38D6}"
EndProject
Project("{FAE04EC0-301F-11D3-BF4B-00C04F79EFBC}") = "Class14_ThreadLocalStorage", "Class14_ThreadLocalStorage\Class14_ThreadLocalStorage.csproj", "{A4CC1548-D264-4929-9AC4-1DE3D6C54446}"
EndProject
Project("{FAE04EC0-301F-11D3-BF4B-00C04F79EFBC}") = "Class15_Network", "Class15_Network\Class15_Network.csproj", "{70031892-F384-4665-AF7F-9C81916A7A03}"
EndProject
Project("{FAE04EC0-301F-11D3-BF4B-00C04F79EFBC}") = "Class16_SocketPrograming", "Class16_SocketPrograming\Class16_SocketPrograming.csproj", "{A126B62C-AE7E-4502-9318-45C20E6F9B5F}"
EndProject
Project("{FAE04EC0-301F-11D3-BF4B-00C04F79EFBC}") = "Class17_Listener", "Class17_Listener\Class17_Listener.csproj", "{F736B2C6-3829-422F-8299-831BC95D5CDE}"
EndProject
Project("{FAE04EC0-301F-11D3-BF4B-00C04F79EFBC}") = "Class18_Session_1", "Class18_Session_1\Class18_Session_1.csproj", "{2C23C589-E706-46F1-9519-9BCF396138F0}"
EndProject
Project("{FAE04EC0-301F-11D3-BF4B-00C04F79EFBC}") = "Class23_Session_2_Server", "Class23_Session_2_Server\Class23_Session_2_Server.csproj", "{E17E3950-9492-48D2-AF7F-A860A33979E7}"
EndProject
Project("{FAE04EC0-301F-11D3-BF4B-00C04F79EFBC}") = "Class23_Session_2_Client", "Class23_Session_2_Client\Class23_Session_2_Client.csproj", "{7EDF1818-5593-45E3-9C5A-524DC0F89D00}"
EndProject
Project("{2150E333-8FDC-42A3-9474-1A3956D46DE8}") = "Class19_Session_2", "Class19_Session_2", "{41747871-398D-4A72-AA6D-D4B6D6715AE9}"
EndProject
Project("{2150E333-8FDC-42A3-9474-1A3956D46DE8}") = "Session_2_NetworkProgramming", "Session_2_NetworkProgramming", "{C2E63EFB-7585-402B-A150-08F8321941C1}"
EndProject
Project("{2150E333-8FDC-42A3-9474-1A3956D46DE8}") = "Session_1_MultiThreadProgramming", "Session_1_MultiThreadProgramming", "{08E55C6B-93F1-423C-BCC1-8025F467E1D2}"
EndProject
Project("{2150E333-8FDC-42A3-9474-1A3956D46DE8}") = "Class20_Connector", "Class20_Connector", "{23F644FD-201E-4946-ABE9-5D2ECFBB3AD7}"
EndProject
Project("{FAE04EC0-301F-11D3-BF4B-00C04F79EFBC}") = "ServerCore", "ServerCore\ServerCore.csproj", "{62D8A45A-A751-476F-8B30-45A04B21DFF0}"
EndProject
Project("{FAE04EC0-301F-11D3-BF4B-00C04F79EFBC}") = "Server", "Server\Server.csproj", "{E3B44C54-8896-4E7C-AE5F-D86DF0A0A12C}"
EndProject
Project("{FAE04EC0-301F-11D3-BF4B-00C04F79EFBC}") = "DummyClient", "DummyClient\DummyClient.csproj", "{5A810FE4-C3AF-4AC6-85E7-2B5D22E08433}"
EndProject
Project("{FAE04EC0-301F-11D3-BF4B-00C04F79EFBC}") = "Class21_TCPvsUDP", "Class21_TCPvsUDP\Class21_TCPvsUDP.csproj", "{99E4476F-1135-48A8-AF62-A0974EC4206F}"
EndProject
Global
	GlobalSection(SolutionConfigurationPlatforms) = preSolution
		Debug|Any CPU = Debug|Any CPU
		Release|Any CPU = Release|Any CPU
	EndGlobalSection
	GlobalSection(ProjectConfigurationPlatforms) = postSolution
		{02B00705-703B-4764-A8AD-0E1FE8A2154D}.Debug|Any CPU.ActiveCfg = Debug|Any CPU
		{02B00705-703B-4764-A8AD-0E1FE8A2154D}.Debug|Any CPU.Build.0 = Debug|Any CPU
		{02B00705-703B-4764-A8AD-0E1FE8A2154D}.Release|Any CPU.ActiveCfg = Release|Any CPU
		{02B00705-703B-4764-A8AD-0E1FE8A2154D}.Release|Any CPU.Build.0 = Release|Any CPU
		{B23C9860-AEDD-483E-BF9F-DAB45A7AEAC4}.Debug|Any CPU.ActiveCfg = Debug|Any CPU
		{B23C9860-AEDD-483E-BF9F-DAB45A7AEAC4}.Debug|Any CPU.Build.0 = Debug|Any CPU
		{B23C9860-AEDD-483E-BF9F-DAB45A7AEAC4}.Release|Any CPU.ActiveCfg = Release|Any CPU
		{B23C9860-AEDD-483E-BF9F-DAB45A7AEAC4}.Release|Any CPU.Build.0 = Release|Any CPU
		{24B7C32B-FDDB-4F06-886E-3054557C1916}.Debug|Any CPU.ActiveCfg = Debug|Any CPU
		{24B7C32B-FDDB-4F06-886E-3054557C1916}.Debug|Any CPU.Build.0 = Debug|Any CPU
		{24B7C32B-FDDB-4F06-886E-3054557C1916}.Release|Any CPU.ActiveCfg = Release|Any CPU
		{24B7C32B-FDDB-4F06-886E-3054557C1916}.Release|Any CPU.Build.0 = Release|Any CPU
		{391760EA-CC22-4B5C-AC56-88F5DF24B36D}.Debug|Any CPU.ActiveCfg = Debug|Any CPU
		{391760EA-CC22-4B5C-AC56-88F5DF24B36D}.Debug|Any CPU.Build.0 = Debug|Any CPU
		{391760EA-CC22-4B5C-AC56-88F5DF24B36D}.Release|Any CPU.ActiveCfg = Release|Any CPU
		{391760EA-CC22-4B5C-AC56-88F5DF24B36D}.Release|Any CPU.Build.0 = Release|Any CPU
		{5C4B549B-432E-47DF-8EB8-5C16FA0651E7}.Debug|Any CPU.ActiveCfg = Debug|Any CPU
		{5C4B549B-432E-47DF-8EB8-5C16FA0651E7}.Debug|Any CPU.Build.0 = Debug|Any CPU
		{5C4B549B-432E-47DF-8EB8-5C16FA0651E7}.Release|Any CPU.ActiveCfg = Release|Any CPU
		{5C4B549B-432E-47DF-8EB8-5C16FA0651E7}.Release|Any CPU.Build.0 = Release|Any CPU
		{BE157C30-447B-49B3-9072-3AAF92C59B54}.Debug|Any CPU.ActiveCfg = Debug|Any CPU
		{BE157C30-447B-49B3-9072-3AAF92C59B54}.Debug|Any CPU.Build.0 = Debug|Any CPU
		{BE157C30-447B-49B3-9072-3AAF92C59B54}.Release|Any CPU.ActiveCfg = Release|Any CPU
		{BE157C30-447B-49B3-9072-3AAF92C59B54}.Release|Any CPU.Build.0 = Release|Any CPU
		{EB0158DD-02A4-41D7-8A98-31076F2950F6}.Debug|Any CPU.ActiveCfg = Debug|Any CPU
		{EB0158DD-02A4-41D7-8A98-31076F2950F6}.Debug|Any CPU.Build.0 = Debug|Any CPU
		{EB0158DD-02A4-41D7-8A98-31076F2950F6}.Release|Any CPU.ActiveCfg = Release|Any CPU
		{EB0158DD-02A4-41D7-8A98-31076F2950F6}.Release|Any CPU.Build.0 = Release|Any CPU
		{C9EC953A-94F7-4C77-86CA-AD52C13E3404}.Debug|Any CPU.ActiveCfg = Debug|Any CPU
		{C9EC953A-94F7-4C77-86CA-AD52C13E3404}.Debug|Any CPU.Build.0 = Debug|Any CPU
		{C9EC953A-94F7-4C77-86CA-AD52C13E3404}.Release|Any CPU.ActiveCfg = Release|Any CPU
		{C9EC953A-94F7-4C77-86CA-AD52C13E3404}.Release|Any CPU.Build.0 = Release|Any CPU
		{AD513591-97EE-41A7-B407-7F64093B67A6}.Debug|Any CPU.ActiveCfg = Debug|Any CPU
		{AD513591-97EE-41A7-B407-7F64093B67A6}.Debug|Any CPU.Build.0 = Debug|Any CPU
		{AD513591-97EE-41A7-B407-7F64093B67A6}.Release|Any CPU.ActiveCfg = Release|Any CPU
		{AD513591-97EE-41A7-B407-7F64093B67A6}.Release|Any CPU.Build.0 = Release|Any CPU
		{E8414EBA-5032-4EF1-AE6B-FDE014047C6F}.Debug|Any CPU.ActiveCfg = Debug|Any CPU
		{E8414EBA-5032-4EF1-AE6B-FDE014047C6F}.Debug|Any CPU.Build.0 = Debug|Any CPU
		{E8414EBA-5032-4EF1-AE6B-FDE014047C6F}.Release|Any CPU.ActiveCfg = Release|Any CPU
		{E8414EBA-5032-4EF1-AE6B-FDE014047C6F}.Release|Any CPU.Build.0 = Release|Any CPU
		{A607DB4E-94EB-425F-B231-C16D1FF953CE}.Debug|Any CPU.ActiveCfg = Debug|Any CPU
		{A607DB4E-94EB-425F-B231-C16D1FF953CE}.Debug|Any CPU.Build.0 = Debug|Any CPU
		{A607DB4E-94EB-425F-B231-C16D1FF953CE}.Release|Any CPU.ActiveCfg = Release|Any CPU
		{A607DB4E-94EB-425F-B231-C16D1FF953CE}.Release|Any CPU.Build.0 = Release|Any CPU
		{DF83D987-ACFC-4F24-AAAF-568A65F4D53B}.Debug|Any CPU.ActiveCfg = Debug|Any CPU
		{DF83D987-ACFC-4F24-AAAF-568A65F4D53B}.Debug|Any CPU.Build.0 = Debug|Any CPU
		{DF83D987-ACFC-4F24-AAAF-568A65F4D53B}.Release|Any CPU.ActiveCfg = Release|Any CPU
		{DF83D987-ACFC-4F24-AAAF-568A65F4D53B}.Release|Any CPU.Build.0 = Release|Any CPU
		{F56B9CE9-2458-458B-8A62-4EBECA0A38D6}.Debug|Any CPU.ActiveCfg = Debug|Any CPU
		{F56B9CE9-2458-458B-8A62-4EBECA0A38D6}.Debug|Any CPU.Build.0 = Debug|Any CPU
		{F56B9CE9-2458-458B-8A62-4EBECA0A38D6}.Release|Any CPU.ActiveCfg = Release|Any CPU
		{F56B9CE9-2458-458B-8A62-4EBECA0A38D6}.Release|Any CPU.Build.0 = Release|Any CPU
		{A4CC1548-D264-4929-9AC4-1DE3D6C54446}.Debug|Any CPU.ActiveCfg = Debug|Any CPU
		{A4CC1548-D264-4929-9AC4-1DE3D6C54446}.Debug|Any CPU.Build.0 = Debug|Any CPU
		{A4CC1548-D264-4929-9AC4-1DE3D6C54446}.Release|Any CPU.ActiveCfg = Release|Any CPU
		{A4CC1548-D264-4929-9AC4-1DE3D6C54446}.Release|Any CPU.Build.0 = Release|Any CPU
		{70031892-F384-4665-AF7F-9C81916A7A03}.Debug|Any CPU.ActiveCfg = Debug|Any CPU
		{70031892-F384-4665-AF7F-9C81916A7A03}.Debug|Any CPU.Build.0 = Debug|Any CPU
		{70031892-F384-4665-AF7F-9C81916A7A03}.Release|Any CPU.ActiveCfg = Release|Any CPU
		{70031892-F384-4665-AF7F-9C81916A7A03}.Release|Any CPU.Build.0 = Release|Any CPU
		{A126B62C-AE7E-4502-9318-45C20E6F9B5F}.Debug|Any CPU.ActiveCfg = Debug|Any CPU
		{A126B62C-AE7E-4502-9318-45C20E6F9B5F}.Debug|Any CPU.Build.0 = Debug|Any CPU
		{A126B62C-AE7E-4502-9318-45C20E6F9B5F}.Release|Any CPU.ActiveCfg = Release|Any CPU
		{A126B62C-AE7E-4502-9318-45C20E6F9B5F}.Release|Any CPU.Build.0 = Release|Any CPU
		{F736B2C6-3829-422F-8299-831BC95D5CDE}.Debug|Any CPU.ActiveCfg = Debug|Any CPU
		{F736B2C6-3829-422F-8299-831BC95D5CDE}.Debug|Any CPU.Build.0 = Debug|Any CPU
		{F736B2C6-3829-422F-8299-831BC95D5CDE}.Release|Any CPU.ActiveCfg = Release|Any CPU
		{F736B2C6-3829-422F-8299-831BC95D5CDE}.Release|Any CPU.Build.0 = Release|Any CPU
		{2C23C589-E706-46F1-9519-9BCF396138F0}.Debug|Any CPU.ActiveCfg = Debug|Any CPU
		{2C23C589-E706-46F1-9519-9BCF396138F0}.Debug|Any CPU.Build.0 = Debug|Any CPU
		{2C23C589-E706-46F1-9519-9BCF396138F0}.Release|Any CPU.ActiveCfg = Release|Any CPU
		{2C23C589-E706-46F1-9519-9BCF396138F0}.Release|Any CPU.Build.0 = Release|Any CPU
		{E17E3950-9492-48D2-AF7F-A860A33979E7}.Debug|Any CPU.ActiveCfg = Debug|Any CPU
		{E17E3950-9492-48D2-AF7F-A860A33979E7}.Debug|Any CPU.Build.0 = Debug|Any CPU
		{E17E3950-9492-48D2-AF7F-A860A33979E7}.Release|Any CPU.ActiveCfg = Release|Any CPU
		{E17E3950-9492-48D2-AF7F-A860A33979E7}.Release|Any CPU.Build.0 = Release|Any CPU
		{7EDF1818-5593-45E3-9C5A-524DC0F89D00}.Debug|Any CPU.ActiveCfg = Debug|Any CPU
		{7EDF1818-5593-45E3-9C5A-524DC0F89D00}.Debug|Any CPU.Build.0 = Debug|Any CPU
		{7EDF1818-5593-45E3-9C5A-524DC0F89D00}.Release|Any CPU.ActiveCfg = Release|Any CPU
		{7EDF1818-5593-45E3-9C5A-524DC0F89D00}.Release|Any CPU.Build.0 = Release|Any CPU
		{62D8A45A-A751-476F-8B30-45A04B21DFF0}.Debug|Any CPU.ActiveCfg = Debug|Any CPU
		{62D8A45A-A751-476F-8B30-45A04B21DFF0}.Debug|Any CPU.Build.0 = Debug|Any CPU
		{62D8A45A-A751-476F-8B30-45A04B21DFF0}.Release|Any CPU.ActiveCfg = Release|Any CPU
		{62D8A45A-A751-476F-8B30-45A04B21DFF0}.Release|Any CPU.Build.0 = Release|Any CPU
		{E3B44C54-8896-4E7C-AE5F-D86DF0A0A12C}.Debug|Any CPU.ActiveCfg = Debug|Any CPU
		{E3B44C54-8896-4E7C-AE5F-D86DF0A0A12C}.Debug|Any CPU.Build.0 = Debug|Any CPU
		{E3B44C54-8896-4E7C-AE5F-D86DF0A0A12C}.Release|Any CPU.ActiveCfg = Release|Any CPU
		{E3B44C54-8896-4E7C-AE5F-D86DF0A0A12C}.Release|Any CPU.Build.0 = Release|Any CPU
		{5A810FE4-C3AF-4AC6-85E7-2B5D22E08433}.Debug|Any CPU.ActiveCfg = Debug|Any CPU
		{5A810FE4-C3AF-4AC6-85E7-2B5D22E08433}.Debug|Any CPU.Build.0 = Debug|Any CPU
		{5A810FE4-C3AF-4AC6-85E7-2B5D22E08433}.Release|Any CPU.ActiveCfg = Release|Any CPU
		{5A810FE4-C3AF-4AC6-85E7-2B5D22E08433}.Release|Any CPU.Build.0 = Release|Any CPU
		{99E4476F-1135-48A8-AF62-A0974EC4206F}.Debug|Any CPU.ActiveCfg = Debug|Any CPU
		{99E4476F-1135-48A8-AF62-A0974EC4206F}.Debug|Any CPU.Build.0 = Debug|Any CPU
		{99E4476F-1135-48A8-AF62-A0974EC4206F}.Release|Any CPU.ActiveCfg = Release|Any CPU
		{99E4476F-1135-48A8-AF62-A0974EC4206F}.Release|Any CPU.Build.0 = Release|Any CPU
	EndGlobalSection
	GlobalSection(NestedProjects) = preSolution
		{7EDF1818-5593-45E3-9C5A-524DC0F89D00} = {41747871-398D-4A72-AA6D-D4B6D6715AE9}
		{E17E3950-9492-48D2-AF7F-A860A33979E7} = {41747871-398D-4A72-AA6D-D4B6D6715AE9}
		{70031892-F384-4665-AF7F-9C81916A7A03} = {C2E63EFB-7585-402B-A150-08F8321941C1}
		{A126B62C-AE7E-4502-9318-45C20E6F9B5F} = {C2E63EFB-7585-402B-A150-08F8321941C1}
		{F736B2C6-3829-422F-8299-831BC95D5CDE} = {C2E63EFB-7585-402B-A150-08F8321941C1}
		{2C23C589-E706-46F1-9519-9BCF396138F0} = {C2E63EFB-7585-402B-A150-08F8321941C1}
		{41747871-398D-4A72-AA6D-D4B6D6715AE9} = {C2E63EFB-7585-402B-A150-08F8321941C1}
		{02B00705-703B-4764-A8AD-0E1FE8A2154D} = {08E55C6B-93F1-423C-BCC1-8025F467E1D2}
		{B23C9860-AEDD-483E-BF9F-DAB45A7AEAC4} = {08E55C6B-93F1-423C-BCC1-8025F467E1D2}
		{24B7C32B-FDDB-4F06-886E-3054557C1916} = {08E55C6B-93F1-423C-BCC1-8025F467E1D2}
		{391760EA-CC22-4B5C-AC56-88F5DF24B36D} = {08E55C6B-93F1-423C-BCC1-8025F467E1D2}
		{5C4B549B-432E-47DF-8EB8-5C16FA0651E7} = {08E55C6B-93F1-423C-BCC1-8025F467E1D2}
		{BE157C30-447B-49B3-9072-3AAF92C59B54} = {08E55C6B-93F1-423C-BCC1-8025F467E1D2}
		{EB0158DD-02A4-41D7-8A98-31076F2950F6} = {08E55C6B-93F1-423C-BCC1-8025F467E1D2}
		{C9EC953A-94F7-4C77-86CA-AD52C13E3404} = {08E55C6B-93F1-423C-BCC1-8025F467E1D2}
		{AD513591-97EE-41A7-B407-7F64093B67A6} = {08E55C6B-93F1-423C-BCC1-8025F467E1D2}
		{E8414EBA-5032-4EF1-AE6B-FDE014047C6F} = {08E55C6B-93F1-423C-BCC1-8025F467E1D2}
		{A607DB4E-94EB-425F-B231-C16D1FF953CE} = {08E55C6B-93F1-423C-BCC1-8025F467E1D2}
		{DF83D987-ACFC-4F24-AAAF-568A65F4D53B} = {08E55C6B-93F1-423C-BCC1-8025F467E1D2}
		{F56B9CE9-2458-458B-8A62-4EBECA0A38D6} = {08E55C6B-93F1-423C-BCC1-8025F467E1D2}
		{A4CC1548-D264-4929-9AC4-1DE3D6C54446} = {08E55C6B-93F1-423C-BCC1-8025F467E1D2}
		{23F644FD-201E-4946-ABE9-5D2ECFBB3AD7} = {C2E63EFB-7585-402B-A150-08F8321941C1}
		{62D8A45A-A751-476F-8B30-45A04B21DFF0} = {23F644FD-201E-4946-ABE9-5D2ECFBB3AD7}
		{E3B44C54-8896-4E7C-AE5F-D86DF0A0A12C} = {23F644FD-201E-4946-ABE9-5D2ECFBB3AD7}
		{5A810FE4-C3AF-4AC6-85E7-2B5D22E08433} = {23F644FD-201E-4946-ABE9-5D2ECFBB3AD7}
		{99E4476F-1135-48A8-AF62-A0974EC4206F} = {C2E63EFB-7585-402B-A150-08F8321941C1}
	EndGlobalSection
EndGlobal
